
Microsoft Visual Studio Solution File, Format Version 12.00
# Visual Studio Version 16
VisualStudioVersion = 16.0.30320.27
MinimumVisualStudioVersion = 10.0.40219.1
Project("{9A19103F-16F7-4668-BE54-9A1E7A4F7556}") = "RssCrawler", "RssCrawler.csproj", "{8E548D79-2BF5-4111-B1A3-4C227A38295C}"
EndProject
Project("{2150E333-8FDC-42A3-9474-1A3956D46DE8}") = "Solution Items", "Solution Items", "{8AFBE022-4E4C-4F8C-A692-2596D3995309}"
	ProjectSection(SolutionItems) = preProject
		.editorconfig = .editorconfig
		ToDo.txt = ToDo.txt
	EndProjectSection
EndProject
Global
	GlobalSection(SolutionConfigurationPlatforms) = preSolution
		Debug|Any CPU = Debug|Any CPU
		Release|Any CPU = Release|Any CPU
	EndGlobalSection
	GlobalSection(ProjectConfigurationPlatforms) = postSolution
		{8E548D79-2BF5-4111-B1A3-4C227A38295C}.Debug|Any CPU.ActiveCfg = Debug|Any CPU
		{8E548D79-2BF5-4111-B1A3-4C227A38295C}.Debug|Any CPU.Build.0 = Debug|Any CPU
		{8E548D79-2BF5-4111-B1A3-4C227A38295C}.Release|Any CPU.ActiveCfg = Release|Any CPU
		{8E548D79-2BF5-4111-B1A3-4C227A38295C}.Release|Any CPU.Build.0 = Release|Any CPU
	EndGlobalSection
	GlobalSection(SolutionProperties) = preSolution
		HideSolutionNode = FALSE
	EndGlobalSection
	GlobalSection(ExtensibilityGlobals) = postSolution
		SolutionGuid = {875D46D7-518B-46D3-9B7E-9F50CF0369C8}
	EndGlobalSection
EndGlobal
